
Microsoft Visual Studio Solution File, Format Version 12.00
# Visual Studio Version 17
VisualStudioVersion = 17.5.33414.496
MinimumVisualStudioVersion = 10.0.40219.1
Project("{FAE04EC0-301F-11D3-BF4B-00C04F79EFBC}") = "wpfguiDemo", "wpfguiDemo.csproj", "{71E01186-26D1-4E96-859A-5552CA3F4DDC}"
EndProject
Global
	GlobalSection(SolutionConfigurationPlatforms) = preSolution
		Debug|Any CPU = Debug|Any CPU
		Release|Any CPU = Release|Any CPU
	EndGlobalSection
	GlobalSection(ProjectConfigurationPlatforms) = postSolution
		{71E01186-26D1-4E96-859A-5552CA3F4DDC}.Debug|Any CPU.ActiveCfg = Debug|Any CPU
		{71E01186-26D1-4E96-859A-5552CA3F4DDC}.Debug|Any CPU.Build.0 = Debug|Any CPU
		{71E01186-26D1-4E96-859A-5552CA3F4DDC}.Release|Any CPU.ActiveCfg = Release|Any CPU
		{71E01186-26D1-4E96-859A-5552CA3F4DDC}.Release|Any CPU.Build.0 = Release|Any CPU
	EndGlobalSection
	GlobalSection(SolutionProperties) = preSolution
		HideSolutionNode = FALSE
	EndGlobalSection
	GlobalSection(ExtensibilityGlobals) = postSolution
		SolutionGuid = {6310CEF0-EC5A-4E73-9D08-EF6CBD721119}
	EndGlobalSection
EndGlobal
